
Microsoft Visual Studio Solution File, Format Version 12.00
# Visual Studio Version 17
VisualStudioVersion = 17.11.35219.272
MinimumVisualStudioVersion = 10.0.40219.1
Project("{FAE04EC0-301F-11D3-BF4B-00C04F79EFBC}") = "JPBank", "JPBank.csproj", "{2B9672FF-E8BC-4055-8BF4-52B99612201F}"
EndProject
Global
	GlobalSection(SolutionConfigurationPlatforms) = preSolution
		Debug|Any CPU = Debug|Any CPU
		Release|Any CPU = Release|Any CPU
	EndGlobalSection
	GlobalSection(ProjectConfigurationPlatforms) = postSolution
		{2B9672FF-E8BC-4055-8BF4-52B99612201F}.Debug|Any CPU.ActiveCfg = Debug|Any CPU
		{2B9672FF-E8BC-4055-8BF4-52B99612201F}.Debug|Any CPU.Build.0 = Debug|Any CPU
		{2B9672FF-E8BC-4055-8BF4-52B99612201F}.Release|Any CPU.ActiveCfg = Release|Any CPU
		{2B9672FF-E8BC-4055-8BF4-52B99612201F}.Release|Any CPU.Build.0 = Release|Any CPU
	EndGlobalSection
	GlobalSection(SolutionProperties) = preSolution
		HideSolutionNode = FALSE
	EndGlobalSection
	GlobalSection(ExtensibilityGlobals) = postSolution
		SolutionGuid = {C1F4C3F9-79CA-41DD-9E88-1AE488187319}
	EndGlobalSection
EndGlobal
